
Microsoft Visual Studio Solution File, Format Version 12.00
# Visual Studio Version 17
VisualStudioVersion = 17.5.002.0
MinimumVisualStudioVersion = 10.0.40219.1
Project("{FAE04EC0-301F-11D3-BF4B-00C04F79EFBC}") = "BoardGameBackend", "BoardGameBackend.csproj", "{3B3E9623-4DB7-431E-BC86-10EA80809455}"
EndProject
Project("{FAE04EC0-301F-11D3-BF4B-00C04F79EFBC}") = "BoardGameFrontend", "..\BoardGameFrontend\BoardGameFrontend.csproj", "{596F9EE7-BC9C-4BA4-892E-6CF53C88B6BC}"
EndProject
Global
	GlobalSection(SolutionConfigurationPlatforms) = preSolution
		Debug|Any CPU = Debug|Any CPU
		Release|Any CPU = Release|Any CPU
	EndGlobalSection
	GlobalSection(ProjectConfigurationPlatforms) = postSolution
		{3B3E9623-4DB7-431E-BC86-10EA80809455}.Debug|Any CPU.ActiveCfg = Debug|Any CPU
		{3B3E9623-4DB7-431E-BC86-10EA80809455}.Debug|Any CPU.Build.0 = Debug|Any CPU
		{3B3E9623-4DB7-431E-BC86-10EA80809455}.Release|Any CPU.ActiveCfg = Release|Any CPU
		{3B3E9623-4DB7-431E-BC86-10EA80809455}.Release|Any CPU.Build.0 = Release|Any CPU
		{596F9EE7-BC9C-4BA4-892E-6CF53C88B6BC}.Debug|Any CPU.ActiveCfg = Debug|Any CPU
		{596F9EE7-BC9C-4BA4-892E-6CF53C88B6BC}.Debug|Any CPU.Build.0 = Debug|Any CPU
		{596F9EE7-BC9C-4BA4-892E-6CF53C88B6BC}.Release|Any CPU.ActiveCfg = Release|Any CPU
		{596F9EE7-BC9C-4BA4-892E-6CF53C88B6BC}.Release|Any CPU.Build.0 = Release|Any CPU
	EndGlobalSection
	GlobalSection(SolutionProperties) = preSolution
		HideSolutionNode = FALSE
	EndGlobalSection
	GlobalSection(ExtensibilityGlobals) = postSolution
		SolutionGuid = {989EA2E1-2550-4615-9AF0-88F679B5C442}
	EndGlobalSection
EndGlobal
